
Microsoft Visual Studio Solution File, Format Version 12.00
# Visual Studio Version 17
VisualStudioVersion = 17.4.33213.308
MinimumVisualStudioVersion = 10.0.40219.1
Project("{FAE04EC0-301F-11D3-BF4B-00C04F79EFBC}") = "HelloWorld", "HelloWorld\HelloWorld.csproj", "{2A66EEDF-746D-4C6C-8452-B536360A0B0F}"
EndProject
Project("{FAE04EC0-301F-11D3-BF4B-00C04F79EFBC}") = "HelloWorldTests", "HelloWorldTests\HelloWorldTests.csproj", "{7FD8FC88-01BB-4F3B-B7CB-D21661457705}"
EndProject
Global
	GlobalSection(SolutionConfigurationPlatforms) = preSolution
		Debug|Any CPU = Debug|Any CPU
		Release|Any CPU = Release|Any CPU
	EndGlobalSection
	GlobalSection(ProjectConfigurationPlatforms) = postSolution
		{2A66EEDF-746D-4C6C-8452-B536360A0B0F}.Debug|Any CPU.ActiveCfg = Debug|Any CPU
		{2A66EEDF-746D-4C6C-8452-B536360A0B0F}.Debug|Any CPU.Build.0 = Debug|Any CPU
		{2A66EEDF-746D-4C6C-8452-B536360A0B0F}.Release|Any CPU.ActiveCfg = Release|Any CPU
		{2A66EEDF-746D-4C6C-8452-B536360A0B0F}.Release|Any CPU.Build.0 = Release|Any CPU
		{7FD8FC88-01BB-4F3B-B7CB-D21661457705}.Debug|Any CPU.ActiveCfg = Debug|Any CPU
		{7FD8FC88-01BB-4F3B-B7CB-D21661457705}.Debug|Any CPU.Build.0 = Debug|Any CPU
		{7FD8FC88-01BB-4F3B-B7CB-D21661457705}.Release|Any CPU.ActiveCfg = Release|Any CPU
		{7FD8FC88-01BB-4F3B-B7CB-D21661457705}.Release|Any CPU.Build.0 = Release|Any CPU
	EndGlobalSection
	GlobalSection(SolutionProperties) = preSolution
		HideSolutionNode = FALSE
	EndGlobalSection
	GlobalSection(ExtensibilityGlobals) = postSolution
		SolutionGuid = {C0833209-2575-4911-8574-E3D4585E354E}
	EndGlobalSection
EndGlobal
